
Microsoft Visual Studio Solution File, Format Version 12.00
# Visual Studio Version 17
VisualStudioVersion = 17.5.33627.172
MinimumVisualStudioVersion = 10.0.40219.1
Project("{FAE04EC0-301F-11D3-BF4B-00C04F79EFBC}") = "KovsiesFacilities", "KovsiesFacilities\KovsiesFacilities.csproj", "{55237E03-B9B2-45AD-A1D5-EDEF740E5242}"
EndProject
Global
	GlobalSection(SolutionConfigurationPlatforms) = preSolution
		Debug|Any CPU = Debug|Any CPU
		Release|Any CPU = Release|Any CPU
	EndGlobalSection
	GlobalSection(ProjectConfigurationPlatforms) = postSolution
		{55237E03-B9B2-45AD-A1D5-EDEF740E5242}.Debug|Any CPU.ActiveCfg = Debug|Any CPU
		{55237E03-B9B2-45AD-A1D5-EDEF740E5242}.Debug|Any CPU.Build.0 = Debug|Any CPU
		{55237E03-B9B2-45AD-A1D5-EDEF740E5242}.Release|Any CPU.ActiveCfg = Release|Any CPU
		{55237E03-B9B2-45AD-A1D5-EDEF740E5242}.Release|Any CPU.Build.0 = Release|Any CPU
	EndGlobalSection
	GlobalSection(SolutionProperties) = preSolution
		HideSolutionNode = FALSE
	EndGlobalSection
	GlobalSection(ExtensibilityGlobals) = postSolution
		SolutionGuid = {2413CF5A-9DC2-4686-BE3F-2474A9B52E25}
	EndGlobalSection
EndGlobal
